
Microsoft Visual Studio Solution File, Format Version 12.00
Project("{FAE04EC0-301F-11D3-BF4B-00C04F79EFBC}") = "WebApp", "WebApp\WebApp.csproj", "{5286297F-E4A5-4DDC-9FA6-9B46C840847C}"
EndProject
Project("{2150E333-8FDC-42A3-9474-1A3956D46DE8}") = "App", "App", "{11598B55-907D-43DF-B71E-D647603D4AB7}"
EndProject
Project("{FAE04EC0-301F-11D3-BF4B-00C04F79EFBC}") = "App.Domain", "App.Domain\App.Domain.csproj", "{2DCD170F-43B1-45BE-B1FC-6FC44911ED1D}"
EndProject
Project("{2150E333-8FDC-42A3-9474-1A3956D46DE8}") = "Solution Items", "Solution Items", "{0909B0BE-14DC-4D57-A1BF-84B382E2371E}"
	ProjectSection(SolutionItems) = preProject
		Directory.Build.props = Directory.Build.props
		README.md = README.md
		.gitignore = .gitignore
		docker-compose.yml = docker-compose.yml
		Dockerfile = Dockerfile
		.dockerignore = .dockerignore
	EndProjectSection
EndProject
Project("{2150E333-8FDC-42A3-9474-1A3956D46DE8}") = "Base", "Base", "{EE695BC1-C462-498F-A260-CAB490A84311}"
EndProject
Project("{FAE04EC0-301F-11D3-BF4B-00C04F79EFBC}") = "Base.Domain", "Base.Domain\Base.Domain.csproj", "{41A5477D-796C-4ABD-8598-F82613D9B427}"
EndProject
Project("{2150E333-8FDC-42A3-9474-1A3956D46DE8}") = "Base.Contracts", "Base.Contracts", "{CBE4AA04-67E8-4AA6-B011-E90FEC29D3AF}"
EndProject
Project("{FAE04EC0-301F-11D3-BF4B-00C04F79EFBC}") = "Base.Contracts.Domain", "Base.Contracts\Base.Contracts.Domain\Base.Contracts.Domain.csproj", "{BB2621CD-B0E3-4EB3-BE83-89A72514A059}"
EndProject
Project("{FAE04EC0-301F-11D3-BF4B-00C04F79EFBC}") = "App.DAL.EF", "App.DAL.EF\App.DAL.EF.csproj", "{94DDF6A2-765D-4478-90B9-ED165EC15DFC}"
EndProject
Project("{FAE04EC0-301F-11D3-BF4B-00C04F79EFBC}") = "App.Resources", "App.Resources\App.Resources.csproj", "{FF40EE01-B69A-416E-A5D2-9FD321D33169}"
EndProject
Project("{FAE04EC0-301F-11D3-BF4B-00C04F79EFBC}") = "Base.Resources", "Base.Contracts\Base.Resources\Base.Resources.csproj", "{40ED2143-93EF-4514-B4D5-0963A37DB443}"
EndProject
Project("{FAE04EC0-301F-11D3-BF4B-00C04F79EFBC}") = "Base.Contracts.DAL", "Base.Contracts\Base.Contracts.DAL\Base.Contracts.DAL.csproj", "{B86E114F-ACEE-4958-BAE6-44B8B53A5DFD}"
EndProject
Project("{FAE04EC0-301F-11D3-BF4B-00C04F79EFBC}") = "Base.DAL.EF", "Base.DAL.EF\Base.DAL.EF.csproj", "{FA12955E-8506-43B7-94FF-4C08BD3403D3}"
EndProject
Project("{FAE04EC0-301F-11D3-BF4B-00C04F79EFBC}") = "App.DAL.Contracts", "App.DAL.Contracts\App.DAL.Contracts.csproj", "{28D0BC1A-8B12-405D-B704-50B7EDCBF355}"
EndProject
Project("{FAE04EC0-301F-11D3-BF4B-00C04F79EFBC}") = "Base.Extension", "Base.Extension\Base.Extension.csproj", "{B7B1BB62-54FA-48C2-9D91-4D7B76B6D6A7}"
EndProject
Project("{FAE04EC0-301F-11D3-BF4B-00C04F79EFBC}") = "Base.Contracts.BLL", "Base.Contracts\Base.Contracts.BLL\Base.Contracts.BLL.csproj", "{C9B2E0FB-41ED-47E7-8FA6-0F3FAC54691C}"
EndProject
Project("{FAE04EC0-301F-11D3-BF4B-00C04F79EFBC}") = "Base.BLL", "Base.BLL\Base.BLL.csproj", "{5C3BE91A-45BB-4B71-9FB9-78469F64AFDA}"
EndProject
Project("{FAE04EC0-301F-11D3-BF4B-00C04F79EFBC}") = "App.BLL.Contracts", "App.BLL.Contracts\App.BLL.Contracts.csproj", "{8ED3E0D6-D618-48CB-841F-B897E37D2B97}"
EndProject
Project("{FAE04EC0-301F-11D3-BF4B-00C04F79EFBC}") = "App.BLL", "App.BLL\App.BLL.csproj", "{6E310175-DF98-46F9-96F2-AC3D2C498CEC}"
EndProject
Project("{FAE04EC0-301F-11D3-BF4B-00C04F79EFBC}") = "App.DAL.DTO", "App.DAL.DTO\App.DAL.DTO.csproj", "{A036EC18-7B00-4E5E-9455-BF18D2B5E0F5}"
EndProject
Project("{FAE04EC0-301F-11D3-BF4B-00C04F79EFBC}") = "App.BLL.DTO", "App.BLL.DTO\App.BLL.DTO.csproj", "{73C68534-9249-4C7E-86A6-6678CD6583CA}"
EndProject
Project("{FAE04EC0-301F-11D3-BF4B-00C04F79EFBC}") = "PublicAPI.DTO.v1", "PublicAPI.DTO.v1\PublicAPI.DTO.v1.csproj", "{00E4EC71-0151-4C3A-B24A-19CA4CF04D93}"
EndProject
Project("{2150E333-8FDC-42A3-9474-1A3956D46DE8}") = "Tests", "Tests", "{BBEE097C-E7E5-4DE1-B206-2A356DD9A9CA}"
EndProject
Project("{FAE04EC0-301F-11D3-BF4B-00C04F79EFBC}") = "WebApp.Tests", "WebApp.Tests\WebApp.Tests.csproj", "{0CBB9542-8971-42A9-AF05-87A046F39854}"
EndProject
Global
	GlobalSection(SolutionConfigurationPlatforms) = preSolution
		Debug|Any CPU = Debug|Any CPU
		Release|Any CPU = Release|Any CPU
	EndGlobalSection
	GlobalSection(ProjectConfigurationPlatforms) = postSolution
		{5286297F-E4A5-4DDC-9FA6-9B46C840847C}.Debug|Any CPU.ActiveCfg = Debug|Any CPU
		{5286297F-E4A5-4DDC-9FA6-9B46C840847C}.Debug|Any CPU.Build.0 = Debug|Any CPU
		{5286297F-E4A5-4DDC-9FA6-9B46C840847C}.Release|Any CPU.ActiveCfg = Release|Any CPU
		{5286297F-E4A5-4DDC-9FA6-9B46C840847C}.Release|Any CPU.Build.0 = Release|Any CPU
		{2DCD170F-43B1-45BE-B1FC-6FC44911ED1D}.Debug|Any CPU.ActiveCfg = Debug|Any CPU
		{2DCD170F-43B1-45BE-B1FC-6FC44911ED1D}.Debug|Any CPU.Build.0 = Debug|Any CPU
		{2DCD170F-43B1-45BE-B1FC-6FC44911ED1D}.Release|Any CPU.ActiveCfg = Release|Any CPU
		{2DCD170F-43B1-45BE-B1FC-6FC44911ED1D}.Release|Any CPU.Build.0 = Release|Any CPU
		{41A5477D-796C-4ABD-8598-F82613D9B427}.Debug|Any CPU.ActiveCfg = Debug|Any CPU
		{41A5477D-796C-4ABD-8598-F82613D9B427}.Debug|Any CPU.Build.0 = Debug|Any CPU
		{41A5477D-796C-4ABD-8598-F82613D9B427}.Release|Any CPU.ActiveCfg = Release|Any CPU
		{41A5477D-796C-4ABD-8598-F82613D9B427}.Release|Any CPU.Build.0 = Release|Any CPU
		{BB2621CD-B0E3-4EB3-BE83-89A72514A059}.Debug|Any CPU.ActiveCfg = Debug|Any CPU
		{BB2621CD-B0E3-4EB3-BE83-89A72514A059}.Debug|Any CPU.Build.0 = Debug|Any CPU
		{BB2621CD-B0E3-4EB3-BE83-89A72514A059}.Release|Any CPU.ActiveCfg = Release|Any CPU
		{BB2621CD-B0E3-4EB3-BE83-89A72514A059}.Release|Any CPU.Build.0 = Release|Any CPU
		{94DDF6A2-765D-4478-90B9-ED165EC15DFC}.Debug|Any CPU.ActiveCfg = Debug|Any CPU
		{94DDF6A2-765D-4478-90B9-ED165EC15DFC}.Debug|Any CPU.Build.0 = Debug|Any CPU
		{94DDF6A2-765D-4478-90B9-ED165EC15DFC}.Release|Any CPU.ActiveCfg = Release|Any CPU
		{94DDF6A2-765D-4478-90B9-ED165EC15DFC}.Release|Any CPU.Build.0 = Release|Any CPU
		{FF40EE01-B69A-416E-A5D2-9FD321D33169}.Debug|Any CPU.ActiveCfg = Debug|Any CPU
		{FF40EE01-B69A-416E-A5D2-9FD321D33169}.Debug|Any CPU.Build.0 = Debug|Any CPU
		{FF40EE01-B69A-416E-A5D2-9FD321D33169}.Release|Any CPU.ActiveCfg = Release|Any CPU
		{FF40EE01-B69A-416E-A5D2-9FD321D33169}.Release|Any CPU.Build.0 = Release|Any CPU
		{40ED2143-93EF-4514-B4D5-0963A37DB443}.Debug|Any CPU.ActiveCfg = Debug|Any CPU
		{40ED2143-93EF-4514-B4D5-0963A37DB443}.Debug|Any CPU.Build.0 = Debug|Any CPU
		{40ED2143-93EF-4514-B4D5-0963A37DB443}.Release|Any CPU.ActiveCfg = Release|Any CPU
		{40ED2143-93EF-4514-B4D5-0963A37DB443}.Release|Any CPU.Build.0 = Release|Any CPU
		{B86E114F-ACEE-4958-BAE6-44B8B53A5DFD}.Debug|Any CPU.ActiveCfg = Debug|Any CPU
		{B86E114F-ACEE-4958-BAE6-44B8B53A5DFD}.Debug|Any CPU.Build.0 = Debug|Any CPU
		{B86E114F-ACEE-4958-BAE6-44B8B53A5DFD}.Release|Any CPU.ActiveCfg = Release|Any CPU
		{B86E114F-ACEE-4958-BAE6-44B8B53A5DFD}.Release|Any CPU.Build.0 = Release|Any CPU
		{FA12955E-8506-43B7-94FF-4C08BD3403D3}.Debug|Any CPU.ActiveCfg = Debug|Any CPU
		{FA12955E-8506-43B7-94FF-4C08BD3403D3}.Debug|Any CPU.Build.0 = Debug|Any CPU
		{FA12955E-8506-43B7-94FF-4C08BD3403D3}.Release|Any CPU.ActiveCfg = Release|Any CPU
		{FA12955E-8506-43B7-94FF-4C08BD3403D3}.Release|Any CPU.Build.0 = Release|Any CPU
		{28D0BC1A-8B12-405D-B704-50B7EDCBF355}.Debug|Any CPU.ActiveCfg = Debug|Any CPU
		{28D0BC1A-8B12-405D-B704-50B7EDCBF355}.Debug|Any CPU.Build.0 = Debug|Any CPU
		{28D0BC1A-8B12-405D-B704-50B7EDCBF355}.Release|Any CPU.ActiveCfg = Release|Any CPU
		{28D0BC1A-8B12-405D-B704-50B7EDCBF355}.Release|Any CPU.Build.0 = Release|Any CPU
		{B7B1BB62-54FA-48C2-9D91-4D7B76B6D6A7}.Debug|Any CPU.ActiveCfg = Debug|Any CPU
		{B7B1BB62-54FA-48C2-9D91-4D7B76B6D6A7}.Debug|Any CPU.Build.0 = Debug|Any CPU
		{B7B1BB62-54FA-48C2-9D91-4D7B76B6D6A7}.Release|Any CPU.ActiveCfg = Release|Any CPU
		{B7B1BB62-54FA-48C2-9D91-4D7B76B6D6A7}.Release|Any CPU.Build.0 = Release|Any CPU
		{C9B2E0FB-41ED-47E7-8FA6-0F3FAC54691C}.Debug|Any CPU.ActiveCfg = Debug|Any CPU
		{C9B2E0FB-41ED-47E7-8FA6-0F3FAC54691C}.Debug|Any CPU.Build.0 = Debug|Any CPU
		{C9B2E0FB-41ED-47E7-8FA6-0F3FAC54691C}.Release|Any CPU.ActiveCfg = Release|Any CPU
		{C9B2E0FB-41ED-47E7-8FA6-0F3FAC54691C}.Release|Any CPU.Build.0 = Release|Any CPU
		{5C3BE91A-45BB-4B71-9FB9-78469F64AFDA}.Debug|Any CPU.ActiveCfg = Debug|Any CPU
		{5C3BE91A-45BB-4B71-9FB9-78469F64AFDA}.Debug|Any CPU.Build.0 = Debug|Any CPU
		{5C3BE91A-45BB-4B71-9FB9-78469F64AFDA}.Release|Any CPU.ActiveCfg = Release|Any CPU
		{5C3BE91A-45BB-4B71-9FB9-78469F64AFDA}.Release|Any CPU.Build.0 = Release|Any CPU
		{8ED3E0D6-D618-48CB-841F-B897E37D2B97}.Debug|Any CPU.ActiveCfg = Debug|Any CPU
		{8ED3E0D6-D618-48CB-841F-B897E37D2B97}.Debug|Any CPU.Build.0 = Debug|Any CPU
		{8ED3E0D6-D618-48CB-841F-B897E37D2B97}.Release|Any CPU.ActiveCfg = Release|Any CPU
		{8ED3E0D6-D618-48CB-841F-B897E37D2B97}.Release|Any CPU.Build.0 = Release|Any CPU
		{6E310175-DF98-46F9-96F2-AC3D2C498CEC}.Debug|Any CPU.ActiveCfg = Debug|Any CPU
		{6E310175-DF98-46F9-96F2-AC3D2C498CEC}.Debug|Any CPU.Build.0 = Debug|Any CPU
		{6E310175-DF98-46F9-96F2-AC3D2C498CEC}.Release|Any CPU.ActiveCfg = Release|Any CPU
		{6E310175-DF98-46F9-96F2-AC3D2C498CEC}.Release|Any CPU.Build.0 = Release|Any CPU
		{A036EC18-7B00-4E5E-9455-BF18D2B5E0F5}.Debug|Any CPU.ActiveCfg = Debug|Any CPU
		{A036EC18-7B00-4E5E-9455-BF18D2B5E0F5}.Debug|Any CPU.Build.0 = Debug|Any CPU
		{A036EC18-7B00-4E5E-9455-BF18D2B5E0F5}.Release|Any CPU.ActiveCfg = Release|Any CPU
		{A036EC18-7B00-4E5E-9455-BF18D2B5E0F5}.Release|Any CPU.Build.0 = Release|Any CPU
		{73C68534-9249-4C7E-86A6-6678CD6583CA}.Debug|Any CPU.ActiveCfg = Debug|Any CPU
		{73C68534-9249-4C7E-86A6-6678CD6583CA}.Debug|Any CPU.Build.0 = Debug|Any CPU
		{73C68534-9249-4C7E-86A6-6678CD6583CA}.Release|Any CPU.ActiveCfg = Release|Any CPU
		{73C68534-9249-4C7E-86A6-6678CD6583CA}.Release|Any CPU.Build.0 = Release|Any CPU
		{00E4EC71-0151-4C3A-B24A-19CA4CF04D93}.Debug|Any CPU.ActiveCfg = Debug|Any CPU
		{00E4EC71-0151-4C3A-B24A-19CA4CF04D93}.Debug|Any CPU.Build.0 = Debug|Any CPU
		{00E4EC71-0151-4C3A-B24A-19CA4CF04D93}.Release|Any CPU.ActiveCfg = Release|Any CPU
		{00E4EC71-0151-4C3A-B24A-19CA4CF04D93}.Release|Any CPU.Build.0 = Release|Any CPU
		{0CBB9542-8971-42A9-AF05-87A046F39854}.Debug|Any CPU.ActiveCfg = Debug|Any CPU
		{0CBB9542-8971-42A9-AF05-87A046F39854}.Debug|Any CPU.Build.0 = Debug|Any CPU
		{0CBB9542-8971-42A9-AF05-87A046F39854}.Release|Any CPU.ActiveCfg = Release|Any CPU
		{0CBB9542-8971-42A9-AF05-87A046F39854}.Release|Any CPU.Build.0 = Release|Any CPU
	EndGlobalSection
	GlobalSection(NestedProjects) = preSolution
		{2DCD170F-43B1-45BE-B1FC-6FC44911ED1D} = {11598B55-907D-43DF-B71E-D647603D4AB7}
		{41A5477D-796C-4ABD-8598-F82613D9B427} = {EE695BC1-C462-498F-A260-CAB490A84311}
		{BB2621CD-B0E3-4EB3-BE83-89A72514A059} = {CBE4AA04-67E8-4AA6-B011-E90FEC29D3AF}
		{94DDF6A2-765D-4478-90B9-ED165EC15DFC} = {11598B55-907D-43DF-B71E-D647603D4AB7}
		{5286297F-E4A5-4DDC-9FA6-9B46C840847C} = {11598B55-907D-43DF-B71E-D647603D4AB7}
		{FF40EE01-B69A-416E-A5D2-9FD321D33169} = {11598B55-907D-43DF-B71E-D647603D4AB7}
		{40ED2143-93EF-4514-B4D5-0963A37DB443} = {EE695BC1-C462-498F-A260-CAB490A84311}
		{B86E114F-ACEE-4958-BAE6-44B8B53A5DFD} = {CBE4AA04-67E8-4AA6-B011-E90FEC29D3AF}
		{FA12955E-8506-43B7-94FF-4C08BD3403D3} = {EE695BC1-C462-498F-A260-CAB490A84311}
		{28D0BC1A-8B12-405D-B704-50B7EDCBF355} = {11598B55-907D-43DF-B71E-D647603D4AB7}
		{B7B1BB62-54FA-48C2-9D91-4D7B76B6D6A7} = {EE695BC1-C462-498F-A260-CAB490A84311}
		{C9B2E0FB-41ED-47E7-8FA6-0F3FAC54691C} = {CBE4AA04-67E8-4AA6-B011-E90FEC29D3AF}
		{5C3BE91A-45BB-4B71-9FB9-78469F64AFDA} = {EE695BC1-C462-498F-A260-CAB490A84311}
		{8ED3E0D6-D618-48CB-841F-B897E37D2B97} = {11598B55-907D-43DF-B71E-D647603D4AB7}
		{6E310175-DF98-46F9-96F2-AC3D2C498CEC} = {11598B55-907D-43DF-B71E-D647603D4AB7}
		{A036EC18-7B00-4E5E-9455-BF18D2B5E0F5} = {11598B55-907D-43DF-B71E-D647603D4AB7}
		{73C68534-9249-4C7E-86A6-6678CD6583CA} = {11598B55-907D-43DF-B71E-D647603D4AB7}
		{00E4EC71-0151-4C3A-B24A-19CA4CF04D93} = {11598B55-907D-43DF-B71E-D647603D4AB7}
		{0CBB9542-8971-42A9-AF05-87A046F39854} = {BBEE097C-E7E5-4DE1-B206-2A356DD9A9CA}
	EndGlobalSection
EndGlobal
